
Microsoft Visual Studio Solution File, Format Version 12.00
# Visual Studio 2013
VisualStudioVersion = 12.0.30723.0
MinimumVisualStudioVersion = 10.0.40219.1
Project("{FAE04EC0-301F-11D3-BF4B-00C04F79EFBC}") = "FileOrganizer", "FileOrganizer\FileOrganizer.csproj", "{DAAEC7CF-42D4-4BD6-A99F-C60FA398A1D1}"
EndProject
Project("{FAE04EC0-301F-11D3-BF4B-00C04F79EFBC}") = "FileOrganizer.Core", "FileOrganizer.Core\FileOrganizer.Core.csproj", "{2A661F50-2417-461A-8A2F-8271ACD2746D}"
EndProject
Project("{FAE04EC0-301F-11D3-BF4B-00C04F79EFBC}") = "FileOrganizer.Test", "FileOrganizer.Test\FileOrganizer.Test.csproj", "{BAD7D4C1-01D1-4236-8D32-627C88FB618F}"
EndProject
Global
	GlobalSection(SolutionConfigurationPlatforms) = preSolution
		Debug|Any CPU = Debug|Any CPU
		Release|Any CPU = Release|Any CPU
	EndGlobalSection
	GlobalSection(ProjectConfigurationPlatforms) = postSolution
		{DAAEC7CF-42D4-4BD6-A99F-C60FA398A1D1}.Debug|Any CPU.ActiveCfg = Debug|Any CPU
		{DAAEC7CF-42D4-4BD6-A99F-C60FA398A1D1}.Debug|Any CPU.Build.0 = Debug|Any CPU
		{DAAEC7CF-42D4-4BD6-A99F-C60FA398A1D1}.Release|Any CPU.ActiveCfg = Release|Any CPU
		{DAAEC7CF-42D4-4BD6-A99F-C60FA398A1D1}.Release|Any CPU.Build.0 = Release|Any CPU
		{2A661F50-2417-461A-8A2F-8271ACD2746D}.Debug|Any CPU.ActiveCfg = Debug|Any CPU
		{2A661F50-2417-461A-8A2F-8271ACD2746D}.Debug|Any CPU.Build.0 = Debug|Any CPU
		{2A661F50-2417-461A-8A2F-8271ACD2746D}.Release|Any CPU.ActiveCfg = Release|Any CPU
		{2A661F50-2417-461A-8A2F-8271ACD2746D}.Release|Any CPU.Build.0 = Release|Any CPU
		{BAD7D4C1-01D1-4236-8D32-627C88FB618F}.Debug|Any CPU.ActiveCfg = Debug|Any CPU
		{BAD7D4C1-01D1-4236-8D32-627C88FB618F}.Debug|Any CPU.Build.0 = Debug|Any CPU
		{BAD7D4C1-01D1-4236-8D32-627C88FB618F}.Release|Any CPU.ActiveCfg = Release|Any CPU
		{BAD7D4C1-01D1-4236-8D32-627C88FB618F}.Release|Any CPU.Build.0 = Release|Any CPU
	EndGlobalSection
	GlobalSection(SolutionProperties) = preSolution
		HideSolutionNode = FALSE
	EndGlobalSection
EndGlobal
